
Microsoft Visual Studio Solution File, Format Version 12.00
# Visual Studio Version 17
VisualStudioVersion = 17.14.36915.13 d17.14
MinimumVisualStudioVersion = 10.0.40219.1
Project("{FAE04EC0-301F-11D3-BF4B-00C04F79EFBC}") = "eUDrive.Api", "eUDrive.Api\eUDrive.Api.csproj", "{E1E940E6-EB56-4F54-A5A3-B029E615D02B}"
EndProject
Global
	GlobalSection(SolutionConfigurationPlatforms) = preSolution
		Debug|Any CPU = Debug|Any CPU
		Release|Any CPU = Release|Any CPU
	EndGlobalSection
	GlobalSection(ProjectConfigurationPlatforms) = postSolution
		{E1E940E6-EB56-4F54-A5A3-B029E615D02B}.Debug|Any CPU.ActiveCfg = Debug|Any CPU
		{E1E940E6-EB56-4F54-A5A3-B029E615D02B}.Debug|Any CPU.Build.0 = Debug|Any CPU
		{E1E940E6-EB56-4F54-A5A3-B029E615D02B}.Release|Any CPU.ActiveCfg = Release|Any CPU
		{E1E940E6-EB56-4F54-A5A3-B029E615D02B}.Release|Any CPU.Build.0 = Release|Any CPU
	EndGlobalSection
	GlobalSection(SolutionProperties) = preSolution
		HideSolutionNode = FALSE
	EndGlobalSection
	GlobalSection(ExtensibilityGlobals) = postSolution
		SolutionGuid = {68003501-EAED-4E05-AE7E-E38F946836CB}
	EndGlobalSection
EndGlobal
